
Microsoft Visual Studio Solution File, Format Version 12.00
# Visual Studio Version 17
VisualStudioVersion = 17.3.32811.315
MinimumVisualStudioVersion = 10.0.40219.1
Project("{FAE04EC0-301F-11D3-BF4B-00C04F79EFBC}") = "AulaMetodos", "AulaMetodos\AulaMetodos.csproj", "{21FD7690-6D19-4F10-8011-28ABC88A2E5B}"
EndProject
Project("{FAE04EC0-301F-11D3-BF4B-00C04F79EFBC}") = "Calculadora", "Calculadora\Calculadora.csproj", "{523D0252-9C85-47C2-9F87-8937B6ABA4DB}"
EndProject
Global
	GlobalSection(SolutionConfigurationPlatforms) = preSolution
		Debug|Any CPU = Debug|Any CPU
		Release|Any CPU = Release|Any CPU
	EndGlobalSection
	GlobalSection(ProjectConfigurationPlatforms) = postSolution
		{21FD7690-6D19-4F10-8011-28ABC88A2E5B}.Debug|Any CPU.ActiveCfg = Debug|Any CPU
		{21FD7690-6D19-4F10-8011-28ABC88A2E5B}.Debug|Any CPU.Build.0 = Debug|Any CPU
		{21FD7690-6D19-4F10-8011-28ABC88A2E5B}.Release|Any CPU.ActiveCfg = Release|Any CPU
		{21FD7690-6D19-4F10-8011-28ABC88A2E5B}.Release|Any CPU.Build.0 = Release|Any CPU
		{523D0252-9C85-47C2-9F87-8937B6ABA4DB}.Debug|Any CPU.ActiveCfg = Debug|Any CPU
		{523D0252-9C85-47C2-9F87-8937B6ABA4DB}.Debug|Any CPU.Build.0 = Debug|Any CPU
		{523D0252-9C85-47C2-9F87-8937B6ABA4DB}.Release|Any CPU.ActiveCfg = Release|Any CPU
		{523D0252-9C85-47C2-9F87-8937B6ABA4DB}.Release|Any CPU.Build.0 = Release|Any CPU
	EndGlobalSection
	GlobalSection(SolutionProperties) = preSolution
		HideSolutionNode = FALSE
	EndGlobalSection
	GlobalSection(ExtensibilityGlobals) = postSolution
		SolutionGuid = {74B901D0-9DE8-432E-8DD1-914F5C230F3F}
	EndGlobalSection
EndGlobal
